{
    "_readme": [
        "This file locks the dependencies of your project to a known state",
        "Read more about it at https://getcomposer.org/doc/01-basic-usage.md#installing-dependencies",
        "This file is @generated automatically"
    ],
    "content-hash": "b2b9f8dfebaca9ee72285f1326d0e61f",
    "packages": [
        {
            "name": "kornrunner/blurhash",
            "version": "v1.2.0",
            "source": {
                "type": "git",
                "url": "https://github.com/kornrunner/php-blurhash.git",
                "reference": "167481c89758849efd033eecaa1c17ef9c0c3362"
            },
            "dist": {
                "type": "zip",
                "url": "https://api.github.com/repos/kornrunner/php-blurhash/zipball/167481c89758849efd033eecaa1c17ef9c0c3362",
                "reference": "167481c89758849efd033eecaa1c17ef9c0c3362",
                "shasum": ""
            },
            "require": {
                "php": "^7.3|^8.0"
            },
            "require-dev": {
                "ocramius/package-versions": "^1.4|^2.0",
                "phpstan/phpstan": "^0.12",
                "phpunit/phpunit": "^8.2",
                "vimeo/psalm": "^4.3"
            },
            "type": "library",
            "autoload": {
                "psr-4": {
                    "kornrunner\\Blurhash\\": "src"
                }
            },
            "notification-url": "https://packagist.org/downloads/",
            "license": [
                "MIT"
            ],
            "authors": [
                {
                    "name": "Boris Momčilović",
                    "email": "boris.momcilovic@gmail.com"
                }
            ],
            "description": "Pure PHP implementation of Blurhash",
            "homepage": "https://github.com/kornrunner/php-blurhash",
            "support": {
                "issues": "https://github.com/kornrunner/php-blurhash/issues",
                "source": "https://github.com/kornrunner/php-blurhash.git"
            },
            "time": "2020-12-04T15:09:58+00:00"
        }
    ],
    "packages-dev": [],
    "aliases": [],
    "minimum-stability": "stable",
    "stability-flags": [],
    "prefer-stable": false,
    "prefer-lowest": false,
    "platform": [],
    "platform-dev": [],
    "plugin-api-version": "2.0.0"
}
